// !$*UTF8*$!
{
	archiveVersion = 1;
	classes = {
	};
	objectVersion = 46;
	objects = {

/* Begin PBXBuildFile section */
		ED4B7B761CD7E9DB00D859F0 /* main.m in Sources */ = {isa = PBXBuildFile; fileRef = ED4B7B751CD7E9DB00D859F0 /* main.m */; };
		ED4B7B791CD7E9DB00D859F0 /* AppDelegate.m in Sources */ = {isa = PBXBuildFile; fileRef = ED4B7B781CD7E9DB00D859F0 /* AppDelegate.m */; };
		ED4B7B7C1CD7E9DB00D859F0 /* ViewController.m in Sources */ = {isa = PBXBuildFile; fileRef = ED4B7B7B1CD7E9DB00D859F0 /* ViewController.m */; };
		ED4B7B7F1CD7E9DB00D859F0 /* Main.storyboard in Resources */ = {isa = PBXBuildFile; fileRef = ED4B7B7D1CD7E9DB00D859F0 /* Main.storyboard */; };
		ED4B7B811CD7E9DB00D859F0 /* Assets.xcassets in Resources */ = {isa = PBXBuildFile; fileRef = ED4B7B801CD7E9DB00D859F0 /* Assets.xcassets */; };
		ED4B7B841CD7E9DB00D859F0 /* LaunchScreen.storyboard in Resources */ = {isa = PBXBuildFile; fileRef = ED4B7B821CD7E9DB00D859F0 /* LaunchScreen.storyboard */; };
		ED4B7B8F1CD7E9DC00D859F0 /* FinalProjectTests.m in Sources */ = {isa = PBXBuildFile; fileRef = ED4B7B8E1CD7E9DC00D859F0 /* FinalProjectTests.m */; };
		ED4B7B9A1CD7E9DC00D859F0 /* FinalProjectUITests.m in Sources */ = {isa = PBXBuildFile; fileRef = ED4B7B991CD7E9DC00D859F0 /* FinalProjectUITests.m */; };
		ED4B7BAC1CD7EA9B00D859F0 /* TransactionModel.m in Sources */ = {isa = PBXBuildFile; fileRef = ED4B7BAB1CD7EA9B00D859F0 /* TransactionModel.m */; };
		ED4B7BB21CD808C500D859F0 /* LocationSelectorViewController.m in Sources */ = {isa = PBXBuildFile; fileRef = ED4B7BB11CD808C500D859F0 /* LocationSelectorViewController.m */; };
		ED4B7BB41CD80D3F00D859F0 /* Podfile in Resources */ = {isa = PBXBuildFile; fileRef = ED4B7BB31CD80D3F00D859F0 /* Podfile */; };
/* End PBXBuildFile section */

/* Begin PBXContainerItemProxy section */
		ED4B7B8B1CD7E9DC00D859F0 /* PBXContainerItemProxy */ = {
			isa = PBXContainerItemProxy;
			containerPortal = ED4B7B691CD7E9DB00D859F0 /* Project object */;
			proxyType = 1;
			remoteGlobalIDString = ED4B7B701CD7E9DB00D859F0;
			remoteInfo = FinalProject;
		};
		ED4B7B961CD7E9DC00D859F0 /* PBXContainerItemProxy */ = {
			isa = PBXContainerItemProxy;
			containerPortal = ED4B7B691CD7E9DB00D859F0 /* Project object */;
			proxyType = 1;
			remoteGlobalIDString = ED4B7B701CD7E9DB00D859F0;
			remoteInfo = FinalProject;
		};
/* End PBXContainerItemProxy section */

/* Begin PBXFileReference section */
		ED4B7B711CD7E9DB00D859F0 /* FinalProject.app */ = {isa = PBXFileReference; explicitFileType = wrapper.application; includeInIndex = 0; path = FinalProject.app; sourceTree = BUILT_PRODUCTS_DIR; };
		ED4B7B751CD7E9DB00D859F0 /* main.m */ = {isa = PBXFileReference; lastKnownFileType = sourcecode.c.objc; path = main.m; sourceTree = "<group>"; };
		ED4B7B771CD7E9DB00D859F0 /* AppDelegate.h */ = {isa = PBXFileReference; lastKnownFileType = sourcecode.c.h; path = AppDelegate.h; sourceTree = "<group>"; };
		ED4B7B781CD7E9DB00D859F0 /* AppDelegate.m */ = {isa = PBXFileReference; lastKnownFileType = sourcecode.c.objc; path = AppDelegate.m; sourceTree = "<group>"; };
		ED4B7B7A1CD7E9DB00D859F0 /* ViewController.h */ = {isa = PBXFileReference; lastKnownFileType = sourcecode.c.h; path = ViewController.h; sourceTree = "<group>"; };
		ED4B7B7B1CD7E9DB00D859F0 /* ViewController.m */ = {isa = PBXFileReference; lastKnownFileType = sourcecode.c.objc; path = ViewController.m; sourceTree = "<group>"; };
		ED4B7B7E1CD7E9DB00D859F0 /* Base */ = {isa = PBXFileReference; lastKnownFileType = file.storyboard; name = Base; path = Base.lproj/Main.storyboard; sourceTree = "<group>"; };
		ED4B7B801CD7E9DB00D859F0 /* Assets.xcassets */ = {isa = PBXFileReference; lastKnownFileType = folder.assetcatalog; path = Assets.xcassets; sourceTree = "<group>"; };
		ED4B7B831CD7E9DB00D859F0 /* Base */ = {isa = PBXFileReference; lastKnownFileType = file.storyboard; name = Base; path = Base.lproj/LaunchScreen.storyboard; sourceTree = "<group>"; };
		ED4B7B851CD7E9DB00D859F0 /* Info.plist */ = {isa = PBXFileReference; lastKnownFileType = text.plist.xml; path = Info.plist; sourceTree = "<group>"; };
		ED4B7B8A1CD7E9DC00D859F0 /* FinalProjectTests.xctest */ = {isa = PBXFileReference; explicitFileType = wrapper.cfbundle; includeInIndex = 0; path = FinalProjectTests.xctest; sourceTree = BUILT_PRODUCTS_DIR; };
		ED4B7B8E1CD7E9DC00D859F0 /* FinalProjectTests.m */ = {isa = PBXFileReference; lastKnownFileType = sourcecode.c.objc; path = FinalProjectTests.m; sourceTree = "<group>"; };
		ED4B7B901CD7E9DC00D859F0 /* Info.plist */ = {isa = PBXFileReference; lastKnownFileType = text.plist.xml; path = Info.plist; sourceTree = "<group>"; };
		ED4B7B951CD7E9DC00D859F0 /* FinalProjectUITests.xctest */ = {isa = PBXFileReference; explicitFileType = wrapper.cfbundle; includeInIndex = 0; path = FinalProjectUITests.xctest; sourceTree = BUILT_PRODUCTS_DIR; };
		ED4B7B991CD7E9DC00D859F0 /* FinalProjectUITests.m */ = {isa = PBXFileReference; lastKnownFileType = sourcecode.c.objc; path = FinalProjectUITests.m; sourceTree = "<group>"; };
		ED4B7B9B1CD7E9DC00D859F0 /* Info.plist */ = {isa = PBXFileReference; lastKnownFileType = text.plist.xml; path = Info.plist; sourceTree = "<group>"; };
		ED4B7BAA1CD7EA9B00D859F0 /* TransactionModel.h */ = {isa = PBXFileReference; fileEncoding = 4; lastKnownFileType = sourcecode.c.h; path = TransactionModel.h; sourceTree = "<group>"; };
		ED4B7BAB1CD7EA9B00D859F0 /* TransactionModel.m */ = {isa = PBXFileReference; fileEncoding = 4; lastKnownFileType = sourcecode.c.objc; path = TransactionModel.m; sourceTree = "<group>"; };
		ED4B7BB01CD808C500D859F0 /* LocationSelectorViewController.h */ = {isa = PBXFileReference; fileEncoding = 4; lastKnownFileType = sourcecode.c.h; name = LocationSelectorViewController.h; path = ../LocationSelectorViewController.h; sourceTree = "<group>"; };
		ED4B7BB11CD808C500D859F0 /* LocationSelectorViewController.m */ = {isa = PBXFileReference; fileEncoding = 4; lastKnownFileType = sourcecode.c.objc; name = LocationSelectorViewController.m; path = ../LocationSelectorViewController.m; sourceTree = "<group>"; };
		ED4B7BB31CD80D3F00D859F0 /* Podfile */ = {isa = PBXFileReference; fileEncoding = 4; lastKnownFileType = text; path = Podfile; sourceTree = "<group>"; };
/* End PBXFileReference section */

/* Begin PBXFrameworksBuildPhase section */
		ED4B7B6E1CD7E9DB00D859F0 /* Frameworks */ = {
			isa = PBXFrameworksBuildPhase;
			buildActionMask = 2147483647;
			files = (
			);
			runOnlyForDeploymentPostprocessing = 0;
		};
		ED4B7B871CD7E9DC00D859F0 /* Frameworks */ = {
			isa = PBXFrameworksBuildPhase;
			buildActionMask = 2147483647;
			files = (
			);
			runOnlyForDeploymentPostprocessing = 0;
		};
		ED4B7B921CD7E9DC00D859F0 /* Frameworks */ = {
			isa = PBXFrameworksBuildPhase;
			buildActionMask = 2147483647;
			files = (
			);
			runOnlyForDeploymentPostprocessing = 0;
		};
/* End PBXFrameworksBuildPhase section */

/* Begin PBXGroup section */
		ED4B7B681CD7E9DB00D859F0 = {
			isa = PBXGroup;
			children = (
				ED4B7B731CD7E9DB00D859F0 /* FinalProject */,
				ED4B7B8D1CD7E9DC00D859F0 /* FinalProjectTests */,
				ED4B7B981CD7E9DC00D859F0 /* FinalProjectUITests */,
				ED4B7B721CD7E9DB00D859F0 /* Products */,
			);
			sourceTree = "<group>";
		};
		ED4B7B721CD7E9DB00D859F0 /* Products */ = {
			isa = PBXGroup;
			children = (
				ED4B7B711CD7E9DB00D859F0 /* FinalProject.app */,
				ED4B7B8A1CD7E9DC00D859F0 /* FinalProjectTests.xctest */,
				ED4B7B951CD7E9DC00D859F0 /* FinalProjectUITests.xctest */,
			);
			name = Products;
			sourceTree = "<group>";
		};
		ED4B7B731CD7E9DB00D859F0 /* FinalProject */ = {
			isa = PBXGroup;
			children = (
				ED4B7BA91CD7E9F200D859F0 /* Model */,
				ED4B7BA81CD7E9ED00D859F0 /* View */,
				ED4B7BA71CD7E9E500D859F0 /* Controller */,
				ED4B7B741CD7E9DB00D859F0 /* Supporting Files */,
				ED4B7BB31CD80D3F00D859F0 /* Podfile */,
			);
			path = FinalProject;
			sourceTree = "<group>";
		};
		ED4B7B741CD7E9DB00D859F0 /* Supporting Files */ = {
			isa = PBXGroup;
			children = (
				ED4B7B771CD7E9DB00D859F0 /* AppDelegate.h */,
				ED4B7B781CD7E9DB00D859F0 /* AppDelegate.m */,
				ED4B7B851CD7E9DB00D859F0 /* Info.plist */,
				ED4B7B751CD7E9DB00D859F0 /* main.m */,
			);
			name = "Supporting Files";
			sourceTree = "<group>";
		};
		ED4B7B8D1CD7E9DC00D859F0 /* FinalProjectTests */ = {
			isa = PBXGroup;
			children = (
				ED4B7B8E1CD7E9DC00D859F0 /* FinalProjectTests.m */,
				ED4B7B901CD7E9DC00D859F0 /* Info.plist */,
			);
			path = FinalProjectTests;
			sourceTree = "<group>";
		};
		ED4B7B981CD7E9DC00D859F0 /* FinalProjectUITests */ = {
			isa = PBXGroup;
			children = (
				ED4B7B991CD7E9DC00D859F0 /* FinalProjectUITests.m */,
				ED4B7B9B1CD7E9DC00D859F0 /* Info.plist */,
			);
			path = FinalProjectUITests;
			sourceTree = "<group>";
		};
		ED4B7BA71CD7E9E500D859F0 /* Controller */ = {
			isa = PBXGroup;
			children = (
				ED4B7B7A1CD7E9DB00D859F0 /* ViewController.h */,
				ED4B7B7B1CD7E9DB00D859F0 /* ViewController.m */,
				ED4B7BB01CD808C500D859F0 /* LocationSelectorViewController.h */,
				ED4B7BB11CD808C500D859F0 /* LocationSelectorViewController.m */,
			);
			name = Controller;
			sourceTree = "<group>";
		};
		ED4B7BA81CD7E9ED00D859F0 /* View */ = {
			isa = PBXGroup;
			children = (
				ED4B7B7D1CD7E9DB00D859F0 /* Main.storyboard */,
				ED4B7B821CD7E9DB00D859F0 /* LaunchScreen.storyboard */,
				ED4B7B801CD7E9DB00D859F0 /* Assets.xcassets */,
			);
			name = View;
			sourceTree = "<group>";
		};
		ED4B7BA91CD7E9F200D859F0 /* Model */ = {
			isa = PBXGroup;
			children = (
				ED4B7BAA1CD7EA9B00D859F0 /* TransactionModel.h */,
				ED4B7BAB1CD7EA9B00D859F0 /* TransactionModel.m */,
			);
			name = Model;
			sourceTree = "<group>";
		};
/* End PBXGroup section */

/* Begin PBXNativeTarget section */
		ED4B7B701CD7E9DB00D859F0 /* FinalProject */ = {
			isa = PBXNativeTarget;
			buildConfigurationList = ED4B7B9E1CD7E9DC00D859F0 /* Build configuration list for PBXNativeTarget "FinalProject" */;
			buildPhases = (
				ED4B7B6D1CD7E9DB00D859F0 /* Sources */,
				ED4B7B6E1CD7E9DB00D859F0 /* Frameworks */,
				ED4B7B6F1CD7E9DB00D859F0 /* Resources */,
			);
			buildRules = (
			);
			dependencies = (
			);
			name = FinalProject;
			productName = FinalProject;
			productReference = ED4B7B711CD7E9DB00D859F0 /* FinalProject.app */;
			productType = "com.apple.product-type.application";
		};
		ED4B7B891CD7E9DC00D859F0 /* FinalProjectTests */ = {
			isa = PBXNativeTarget;
			buildConfigurationList = ED4B7BA11CD7E9DC00D859F0 /* Build configuration list for PBXNativeTarget "FinalProjectTests" */;
			buildPhases = (
				ED4B7B861CD7E9DC00D859F0 /* Sources */,
				ED4B7B871CD7E9DC00D859F0 /* Frameworks */,
				ED4B7B881CD7E9DC00D859F0 /* Resources */,
			);
			buildRules = (
			);
			dependencies = (
				ED4B7B8C1CD7E9DC00D859F0 /* PBXTargetDependency */,
			);
			name = FinalProjectTests;
			productName = FinalProjectTests;
			productReference = ED4B7B8A1CD7E9DC00D859F0 /* FinalProjectTests.xctest */;
			productType = "com.apple.product-type.bundle.unit-test";
		};
		ED4B7B941CD7E9DC00D859F0 /* FinalProjectUITests */ = {
			isa = PBXNativeTarget;
			buildConfigurationList = ED4B7BA41CD7E9DC00D859F0 /* Build configuration list for PBXNativeTarget "FinalProjectUITests" */;
			buildPhases = (
				ED4B7B911CD7E9DC00D859F0 /* Sources */,
				ED4B7B921CD7E9DC00D859F0 /* Frameworks */,
				ED4B7B931CD7E9DC00D859F0 /* Resources */,
			);
			buildRules = (
			);
			dependencies = (
				ED4B7B971CD7E9DC00D859F0 /* PBXTargetDependency */,
			);
			name = FinalProjectUITests;
			productName = FinalProjectUITests;
			productReference = ED4B7B951CD7E9DC00D859F0 /* FinalProjectUITests.xctest */;
			productType = "com.apple.product-type.bundle.ui-testing";
		};
/* End PBXNativeTarget section */

/* Begin PBXProject section */
		ED4B7B691CD7E9DB00D859F0 /* Project object */ = {
			isa = PBXProject;
			attributes = {
				LastUpgradeCheck = 0730;
				ORGANIZATIONNAME = "Anthony Wittemann";
				TargetAttributes = {
					ED4B7B701CD7E9DB00D859F0 = {
						CreatedOnToolsVersion = 7.3;
					};
					ED4B7B891CD7E9DC00D859F0 = {
						CreatedOnToolsVersion = 7.3;
						TestTargetID = ED4B7B701CD7E9DB00D859F0;
					};
					ED4B7B941CD7E9DC00D859F0 = {
						CreatedOnToolsVersion = 7.3;
						TestTargetID = ED4B7B701CD7E9DB00D859F0;
					};
				};
			};
			buildConfigurationList = ED4B7B6C1CD7E9DB00D859F0 /* Build configuration list for PBXProject "FinalProject" */;
			compatibilityVersion = "Xcode 3.2";
			developmentRegion = English;
			hasScannedForEncodings = 0;
			knownRegions = (
				en,
				Base,
			);
			mainGroup = ED4B7B681CD7E9DB00D859F0;
			productRefGroup = ED4B7B721CD7E9DB00D859F0 /* Products */;
			projectDirPath = "";
			projectRoot = "";
			targets = (
				ED4B7B701CD7E9DB00D859F0 /* FinalProject */,
				ED4B7B891CD7E9DC00D859F0 /* FinalProjectTests */,
				ED4B7B941CD7E9DC00D859F0 /* FinalProjectUITests */,
			);
		};
/* End PBXProject section */

/* Begin PBXResourcesBuildPhase section */
		ED4B7B6F1CD7E9DB00D859F0 /* Resources */ = {
			isa = PBXResourcesBuildPhase;
			buildActionMask = 2147483647;
			files = (
				ED4B7B841CD7E9DB00D859F0 /* LaunchScreen.storyboard in Resources */,
				ED4B7B811CD7E9DB00D859F0 /* Assets.xcassets in Resources */,
				ED4B7BB41CD80D3F00D859F0 /* Podfile in Resources */,
				ED4B7B7F1CD7E9DB00D859F0 /* Main.storyboard in Resources */,
			);
			runOnlyForDeploymentPostprocessing = 0;
		};
		ED4B7B881CD7E9DC00D859F0 /* Resources */ = {
			isa = PBXResourcesBuildPhase;
			buildActionMask = 2147483647;
			files = (
			);
			runOnlyForDeploymentPostprocessing = 0;
		};
		ED4B7B931CD7E9DC00D859F0 /* Resources */ = {
			isa = PBXResourcesBuildPhase;
			buildActionMask = 2147483647;
			files = (
			);
			runOnlyForDeploymentPostprocessing = 0;
		};
/* End PBXResourcesBuildPhase section */

/* Begin PBXSourcesBuildPhase section */
		ED4B7B6D1CD7E9DB00D859F0 /* Sources */ = {
			isa = PBXSourcesBuildPhase;
			buildActionMask = 2147483647;
			files = (
				ED4B7BB21CD808C500D859F0 /* LocationSelectorViewController.m in Sources */,
				ED4B7BAC1CD7EA9B00D859F0 /* TransactionModel.m in Sources */,
				ED4B7B7C1CD7E9DB00D859F0 /* ViewController.m in Sources */,
				ED4B7B791CD7E9DB00D859F0 /* AppDelegate.m in Sources */,
				ED4B7B761CD7E9DB00D859F0 /* main.m in Sources */,
			);
			runOnlyForDeploymentPostprocessing = 0;
		};
		ED4B7B861CD7E9DC00D859F0 /* Sources */ = {
			isa = PBXSourcesBuildPhase;
			buildActionMask = 2147483647;
			files = (
				ED4B7B8F1CD7E9DC00D859F0 /* FinalProjectTests.m in Sources */,
			);
			runOnlyForDeploymentPostprocessing = 0;
		};
		ED4B7B911CD7E9DC00D859F0 /* Sources */ = {
			isa = PBXSourcesBuildPhase;
			buildActionMask = 2147483647;
			files = (
				ED4B7B9A1CD7E9DC00D859F0 /* FinalProjectUITests.m in Sources */,
			);
			runOnlyForDeploymentPostprocessing = 0;
		};
/* End PBXSourcesBuildPhase section */

/* Begin PBXTargetDependency section */
		ED4B7B8C1CD7E9DC00D859F0 /* PBXTargetDependency */ = {
			isa = PBXTargetDependency;
			target = ED4B7B701CD7E9DB00D859F0 /* FinalProject */;
			targetProxy = ED4B7B8B1CD7E9DC00D859F0 /* PBXContainerItemProxy */;
		};
		ED4B7B971CD7E9DC00D859F0 /* PBXTargetDependency */ = {
			isa = PBXTargetDependency;
			target = ED4B7B701CD7E9DB00D859F0 /* FinalProject */;
			targetProxy = ED4B7B961CD7E9DC00D859F0 /* PBXContainerItemProxy */;
		};
/* End PBXTargetDependency section */

/* Begin PBXVariantGroup section */
		ED4B7B7D1CD7E9DB00D859F0 /* Main.storyboard */ = {
			isa = PBXVariantGroup;
			children = (
				ED4B7B7E1CD7E9DB00D859F0 /* Base */,
			);
			name = Main.storyboard;
			sourceTree = "<group>";
		};
		ED4B7B821CD7E9DB00D859F0 /* LaunchScreen.storyboard */ = {
			isa = PBXVariantGroup;
			children = (
				ED4B7B831CD7E9DB00D859F0 /* Base */,
			);
			name = LaunchScreen.storyboard;
			sourceTree = "<group>";
		};
/* End PBXVariantGroup section */

/* Begin XCBuildConfiguration section */
		ED4B7B9C1CD7E9DC00D859F0 /* Debug */ = {
			isa = XCBuildConfiguration;
			buildSettings = {
				ALWAYS_SEARCH_USER_PATHS = NO;
				CLANG_ANALYZER_NONNULL = YES;
				CLANG_CXX_LANGUAGE_STANDARD = "gnu++0x";
				CLANG_CXX_LIBRARY = "libc++";
				CLANG_ENABLE_MODULES = YES;
				CLANG_ENABLE_OBJC_ARC = YES;
				CLANG_WARN_BOOL_CONVERSION = YES;
				CLANG_WARN_CONSTANT_CONVERSION = YES;
				CLANG_WARN_DIRECT_OBJC_ISA_USAGE = YES_ERROR;
				CLANG_WARN_EMPTY_BODY = YES;
				CLANG_WARN_ENUM_CONVERSION = YES;
				CLANG_WARN_INT_CONVERSION = YES;
				CLANG_WARN_OBJC_ROOT_CLASS = YES_ERROR;
				CLANG_WARN_UNREACHABLE_CODE = YES;
				CLANG_WARN__DUPLICATE_METHOD_MATCH = YES;
				"CODE_SIGN_IDENTITY[sdk=iphoneos*]" = "iPhone Developer";
				COPY_PHASE_STRIP = NO;
				DEBUG_INFORMATION_FORMAT = dwarf;
				ENABLE_STRICT_OBJC_MSGSEND = YES;
				ENABLE_TESTABILITY = YES;
				GCC_C_LANGUAGE_STANDARD = gnu99;
				GCC_DYNAMIC_NO_PIC = NO;
				GCC_NO_COMMON_BLOCKS = YES;
				GCC_OPTIMIZATION_LEVEL = 0;
				GCC_PREPROCESSOR_DEFINITIONS = (
					"DEBUG=1",
					"$(inherited)",
				);
				GCC_WARN_64_TO_32_BIT_CONVERSION = YES;
				GCC_WARN_ABOUT_RETURN_TYPE = YES_ERROR;
				GCC_WARN_UNDECLARED_SELECTOR = YES;
				GCC_WARN_UNINITIALIZED_AUTOS = YES_AGGRESSIVE;
				GCC_WARN_UNUSED_FUNCTION = YES;
				GCC_WARN_UNUSED_VARIABLE = YES;
				IPHONEOS_DEPLOYMENT_TARGET = 9.3;
				MTL_ENABLE_DEBUG_INFO = YES;
				ONLY_ACTIVE_ARCH = YES;
				SDKROOT = iphoneos;
			};
			name = Debug;
		};
		ED4B7B9D1CD7E9DC00D859F0 /* Release */ = {
			isa = XCBuildConfiguration;
			buildSettings = {
				ALWAYS_SEARCH_USER_PATHS = NO;
				CLANG_ANALYZER_NONNULL = YES;
				CLANG_CXX_LANGUAGE_STANDARD = "gnu++0x";
				CLANG_CXX_LIBRARY = "libc++";
				CLANG_ENABLE_MODULES = YES;
				CLANG_ENABLE_OBJC_ARC = YES;
				CLANG_WARN_BOOL_CONVERSION = YES;
				CLANG_WARN_CONSTANT_CONVERSION = YES;
				CLANG_WARN_DIRECT_OBJC_ISA_USAGE = YES_ERROR;
				CLANG_WARN_EMPTY_BODY = YES;
				CLANG_WARN_ENUM_CONVERSION = YES;
				CLANG_WARN_INT_CONVERSION = YES;
				CLANG_WARN_OBJC_ROOT_CLASS = YES_ERROR;
				CLANG_WARN_UNREACHABLE_CODE = YES;
				CLANG_WARN__DUPLICATE_METHOD_MATCH = YES;
				"CODE_SIGN_IDENTITY[sdk=iphoneos*]" = "iPhone Developer";
				COPY_PHASE_STRIP = NO;
				DEBUG_INFORMATION_FORMAT = "dwarf-with-dsym";
				ENABLE_NS_ASSERTIONS = NO;
				ENABLE_STRICT_OBJC_MSGSEND = YES;
				GCC_C_LANGUAGE_STANDARD = gnu99;
				GCC_NO_COMMON_BLOCKS = YES;
				GCC_WARN_64_TO_32_BIT_CONVERSION = YES;
				GCC_WARN_ABOUT_RETURN_TYPE = YES_ERROR;
				GCC_WARN_UNDECLARED_SELECTOR = YES;
				GCC_WARN_UNINITIALIZED_AUTOS = YES_AGGRESSIVE;
				GCC_WARN_UNUSED_FUNCTION = YES;
				GCC_WARN_UNUSED_VARIABLE = YES;
				IPHONEOS_DEPLOYMENT_TARGET = 9.3;
				MTL_ENABLE_DEBUG_INFO = NO;
				SDKROOT = iphoneos;
				VALIDATE_PRODUCT = YES;
			};
			name = Release;
		};
		ED4B7B9F1CD7E9DC00D859F0 /* Debug */ = {
			isa = XCBuildConfiguration;
			buildSettings = {
				ASSETCATALOG_COMPILER_APPICON_NAME = AppIcon;
				INFOPLIST_FILE = FinalProject/Info.plist;
				LD_RUNPATH_SEARCH_PATHS = "$(inherited) @executable_path/Frameworks";
				PRODUCT_BUNDLE_IDENTIFIER = edu.usc.FinalProject;
				PRODUCT_NAME = "$(TARGET_NAME)";
			};
			name = Debug;
		};
		ED4B7BA01CD7E9DC00D859F0 /* Release */ = {
			isa = XCBuildConfiguration;
			buildSettings = {
				ASSETCATALOG_COMPILER_APPICON_NAME = AppIcon;
				INFOPLIST_FILE = FinalProject/Info.plist;
				LD_RUNPATH_SEARCH_PATHS = "$(inherited) @executable_path/Frameworks";
				PRODUCT_BUNDLE_IDENTIFIER = edu.usc.FinalProject;
				PRODUCT_NAME = "$(TARGET_NAME)";
			};
			name = Release;
		};
		ED4B7BA21CD7E9DC00D859F0 /* Debug */ = {
			isa = XCBuildConfiguration;
			buildSettings = {
				BUNDLE_LOADER = "$(TEST_HOST)";
				INFOPLIST_FILE = FinalProjectTests/Info.plist;
				LD_RUNPATH_SEARCH_PATHS = "$(inherited) @executable_path/Frameworks @loader_path/Frameworks";
				PRODUCT_BUNDLE_IDENTIFIER = edu.usc.FinalProjectTests;
				PRODUCT_NAME = "$(TARGET_NAME)";
				TEST_HOST = "$(BUILT_PRODUCTS_DIR)/FinalProject.app/FinalProject";
			};
			name = Debug;
		};
		ED4B7BA31CD7E9DC00D859F0 /* Release */ = {
			isa = XCBuildConfiguration;
			buildSettings = {
				BUNDLE_LOADER = "$(TEST_HOST)";
				INFOPLIST_FILE = FinalProjectTests/Info.plist;
				LD_RUNPATH_SEARCH_PATHS = "$(inherited) @executable_path/Frameworks @loader_path/Frameworks";
				PRODUCT_BUNDLE_IDENTIFIER = edu.usc.FinalProjectTests;
				PRODUCT_NAME = "$(TARGET_NAME)";
				TEST_HOST = "$(BUILT_PRODUCTS_DIR)/FinalProject.app/FinalProject";
			};
			name = Release;
		};
		ED4B7BA51CD7E9DC00D859F0 /* Debug */ = {
			isa = XCBuildConfiguration;
			buildSettings = {
				INFOPLIST_FILE = FinalProjectUITests/Info.plist;
				LD_RUNPATH_SEARCH_PATHS = "$(inherited) @executable_path/Frameworks @loader_path/Frameworks";
				PRODUCT_BUNDLE_IDENTIFIER = edu.usc.FinalProjectUITests;
				PRODUCT_NAME = "$(TARGET_NAME)";
				TEST_TARGET_NAME = FinalProject;
			};
			name = Debug;
		};
		ED4B7BA61CD7E9DC00D859F0 /* Release */ = {
			isa = XCBuildConfiguration;
			buildSettings = {
				INFOPLIST_FILE = FinalProjectUITests/Info.plist;
				LD_RUNPATH_SEARCH_PATHS = "$(inherited) @executable_path/Frameworks @loader_path/Frameworks";
				PRODUCT_BUNDLE_IDENTIFIER = edu.usc.FinalProjectUITests;
				PRODUCT_NAME = "$(TARGET_NAME)";
				TEST_TARGET_NAME = FinalProject;
			};
			name = Release;
		};
/* End XCBuildConfiguration section */

/* Begin XCConfigurationList section */
		ED4B7B6C1CD7E9DB00D859F0 /* Build configuration list for PBXProject "FinalProject" */ = {
			isa = XCConfigurationList;
			buildConfigurations = (
				ED4B7B9C1CD7E9DC00D859F0 /* Debug */,
				ED4B7B9D1CD7E9DC00D859F0 /* Release */,
			);
			defaultConfigurationIsVisible = 0;
			defaultConfigurationName = Release;
		};
		ED4B7B9E1CD7E9DC00D859F0 /* Build configuration list for PBXNativeTarget "FinalProject" */ = {
			isa = XCConfigurationList;
			buildConfigurations = (
				ED4B7B9F1CD7E9DC00D859F0 /* Debug */,
				ED4B7BA01CD7E9DC00D859F0 /* Release */,
			);
			defaultConfigurationIsVisible = 0;
		};
		ED4B7BA11CD7E9DC00D859F0 /* Build configuration list for PBXNativeTarget "FinalProjectTests" */ = {
			isa = XCConfigurationList;
			buildConfigurations = (
				ED4B7BA21CD7E9DC00D859F0 /* Debug */,
				ED4B7BA31CD7E9DC00D859F0 /* Release */,
			);
			defaultConfigurationIsVisible = 0;
		};
		ED4B7BA41CD7E9DC00D859F0 /* Build configuration list for PBXNativeTarget "FinalProjectUITests" */ = {
			isa = XCConfigurationList;
			buildConfigurations = (
				ED4B7BA51CD7E9DC00D859F0 /* Debug */,
				ED4B7BA61CD7E9DC00D859F0 /* Release */,
			);
			defaultConfigurationIsVisible = 0;
		};
/* End XCConfigurationList section */
	};
	rootObject = ED4B7B691CD7E9DB00D859F0 /* Project object */;
}
